
Microsoft Visual Studio Solution File, Format Version 12.00
# Visual Studio Version 16
VisualStudioVersion = 16.0.31005.135
MinimumVisualStudioVersion = 10.0.40219.1
Project("{9A19103F-16F7-4668-BE54-9A1E7A4F7556}") = "HealthierTogether.Server", "HealthierTogether.Server\HealthierTogether.Server.csproj", "{97D58591-2356-481D-BB88-B974B5F2B8CF}"
EndProject
Global
	GlobalSection(SolutionConfigurationPlatforms) = preSolution
		Debug|Any CPU = Debug|Any CPU
		Release|Any CPU = Release|Any CPU
	EndGlobalSection
	GlobalSection(ProjectConfigurationPlatforms) = postSolution
		{97D58591-2356-481D-BB88-B974B5F2B8CF}.Debug|Any CPU.ActiveCfg = Debug|Any CPU
		{97D58591-2356-481D-BB88-B974B5F2B8CF}.Debug|Any CPU.Build.0 = Debug|Any CPU
		{97D58591-2356-481D-BB88-B974B5F2B8CF}.Release|Any CPU.ActiveCfg = Release|Any CPU
		{97D58591-2356-481D-BB88-B974B5F2B8CF}.Release|Any CPU.Build.0 = Release|Any CPU
	EndGlobalSection
	GlobalSection(SolutionProperties) = preSolution
		HideSolutionNode = FALSE
	EndGlobalSection
	GlobalSection(ExtensibilityGlobals) = postSolution
		SolutionGuid = {0CDB7C70-6528-41AE-8735-21C6BEE5AB28}
	EndGlobalSection
EndGlobal
